
Microsoft Visual Studio Solution File, Format Version 12.00
# Visual Studio Version 16
VisualStudioVersion = 16.0.30204.135
MinimumVisualStudioVersion = 10.0.40219.1
Project("{FAE04EC0-301F-11D3-BF4B-00C04F79EFBC}") = "u20540176_HW06", "u20540176_HW06\u20540176_HW06.csproj", "{38E41CF3-1D69-49AD-A6E4-89923E6C4094}"
EndProject
Global
	GlobalSection(SolutionConfigurationPlatforms) = preSolution
		Debug|Any CPU = Debug|Any CPU
		Release|Any CPU = Release|Any CPU
	EndGlobalSection
	GlobalSection(ProjectConfigurationPlatforms) = postSolution
		{38E41CF3-1D69-49AD-A6E4-89923E6C4094}.Debug|Any CPU.ActiveCfg = Debug|Any CPU
		{38E41CF3-1D69-49AD-A6E4-89923E6C4094}.Debug|Any CPU.Build.0 = Debug|Any CPU
		{38E41CF3-1D69-49AD-A6E4-89923E6C4094}.Release|Any CPU.ActiveCfg = Release|Any CPU
		{38E41CF3-1D69-49AD-A6E4-89923E6C4094}.Release|Any CPU.Build.0 = Release|Any CPU
	EndGlobalSection
	GlobalSection(SolutionProperties) = preSolution
		HideSolutionNode = FALSE
	EndGlobalSection
	GlobalSection(ExtensibilityGlobals) = postSolution
		SolutionGuid = {7C029F57-A247-4A35-9E12-5A8C118BBA2B}
	EndGlobalSection
EndGlobal
